
Microsoft Visual Studio Solution File, Format Version 12.00
# Visual Studio Version 16
VisualStudioVersion = 16.0.32228.343
MinimumVisualStudioVersion = 10.0.40219.1
Project("{FAE04EC0-301F-11D3-BF4B-00C04F79EFBC}") = "math9", "math9\math9.csproj", "{D601B24F-6105-4E8B-BE4D-2FC988AA3FD5}"
EndProject
Global
	GlobalSection(SolutionConfigurationPlatforms) = preSolution
		Debug|Any CPU = Debug|Any CPU
		Release|Any CPU = Release|Any CPU
	EndGlobalSection
	GlobalSection(ProjectConfigurationPlatforms) = postSolution
		{D601B24F-6105-4E8B-BE4D-2FC988AA3FD5}.Debug|Any CPU.ActiveCfg = Debug|Any CPU
		{D601B24F-6105-4E8B-BE4D-2FC988AA3FD5}.Debug|Any CPU.Build.0 = Debug|Any CPU
		{D601B24F-6105-4E8B-BE4D-2FC988AA3FD5}.Release|Any CPU.ActiveCfg = Release|Any CPU
		{D601B24F-6105-4E8B-BE4D-2FC988AA3FD5}.Release|Any CPU.Build.0 = Release|Any CPU
	EndGlobalSection
	GlobalSection(SolutionProperties) = preSolution
		HideSolutionNode = FALSE
	EndGlobalSection
	GlobalSection(ExtensibilityGlobals) = postSolution
		SolutionGuid = {37764DB5-3A54-4158-AA74-F1C3E4AE346F}
	EndGlobalSection
EndGlobal
